{
  "name": "ai-ready",
  "version": "1.0.0",
  "lockfileVersion": 3,
  "requires": true,
  "packages": {
    "": {
      "name": "ai-ready",
      "version": "1.0.0",
      "license": "Apache-2.0",
      "bin": {
        "aiready": "bin/aiready.js"
      },
      "engines": {
        "node": ">=22.0.0"
      }
    }
  }
}
